// !$*UTF8*$!
{
	archiveVersion = 1;
	classes = {
	};
	objectVersion = 46;
	objects = {

/* Begin PBXBuildFile section */
		150DE8A155A6EB20738C4E29 /* Pods_ProjetoTests.framework in Frameworks */ = {isa = PBXBuildFile; fileRef = 51BFCE1CC1E588018E34C511 /* Pods_ProjetoTests.framework */; };
		1B9F662A52E24BDD2B0C314D /* Pods_Projeto.framework in Frameworks */ = {isa = PBXBuildFile; fileRef = 102931BD2F3B0A37E677767F /* Pods_Projeto.framework */; };
		977AB6511CFD52E100CEA663 /* AppDelegate.swift in Sources */ = {isa = PBXBuildFile; fileRef = 977AB6501CFD52E100CEA663 /* AppDelegate.swift */; };
		977AB6531CFD52E100CEA663 /* ViewController.swift in Sources */ = {isa = PBXBuildFile; fileRef = 977AB6521CFD52E100CEA663 /* ViewController.swift */; };
		977AB6561CFD52E100CEA663 /* Main.storyboard in Resources */ = {isa = PBXBuildFile; fileRef = 977AB6541CFD52E100CEA663 /* Main.storyboard */; };
		977AB6591CFD52E100CEA663 /* Projeto.xcdatamodeld in Sources */ = {isa = PBXBuildFile; fileRef = 977AB6571CFD52E100CEA663 /* Projeto.xcdatamodeld */; };
		977AB65B1CFD52E100CEA663 /* Assets.xcassets in Resources */ = {isa = PBXBuildFile; fileRef = 977AB65A1CFD52E100CEA663 /* Assets.xcassets */; };
		977AB65E1CFD52E100CEA663 /* LaunchScreen.storyboard in Resources */ = {isa = PBXBuildFile; fileRef = 977AB65C1CFD52E100CEA663 /* LaunchScreen.storyboard */; };
		977AB6691CFD52E100CEA663 /* ProjetoTests.swift in Sources */ = {isa = PBXBuildFile; fileRef = 977AB6681CFD52E100CEA663 /* ProjetoTests.swift */; };
		977AB6741CFD52E100CEA663 /* ProjetoUITests.swift in Sources */ = {isa = PBXBuildFile; fileRef = 977AB6731CFD52E100CEA663 /* ProjetoUITests.swift */; };
		BA60E894F32ACB0E018E036F /* Pods_ProjetoUITests.framework in Frameworks */ = {isa = PBXBuildFile; fileRef = EBED3D452EC53F859A6CE9A0 /* Pods_ProjetoUITests.framework */; };
/* End PBXBuildFile section */

/* Begin PBXContainerItemProxy section */
		977AB6651CFD52E100CEA663 /* PBXContainerItemProxy */ = {
			isa = PBXContainerItemProxy;
			containerPortal = 977AB6451CFD52E100CEA663 /* Project object */;
			proxyType = 1;
			remoteGlobalIDString = 977AB64C1CFD52E100CEA663;
			remoteInfo = Projeto;
		};
		977AB6701CFD52E100CEA663 /* PBXContainerItemProxy */ = {
			isa = PBXContainerItemProxy;
			containerPortal = 977AB6451CFD52E100CEA663 /* Project object */;
			proxyType = 1;
			remoteGlobalIDString = 977AB64C1CFD52E100CEA663;
			remoteInfo = Projeto;
		};
/* End PBXContainerItemProxy section */

/* Begin PBXFileReference section */
		102931BD2F3B0A37E677767F /* Pods_Projeto.framework */ = {isa = PBXFileReference; explicitFileType = wrapper.framework; includeInIndex = 0; path = Pods_Projeto.framework; sourceTree = BUILT_PRODUCTS_DIR; };
		2F3AD805D946D8EBAD019D4B /* Pods-ProjetoUITests.release.xcconfig */ = {isa = PBXFileReference; includeInIndex = 1; lastKnownFileType = text.xcconfig; name = "Pods-ProjetoUITests.release.xcconfig"; path = "Pods/Target Support Files/Pods-ProjetoUITests/Pods-ProjetoUITests.release.xcconfig"; sourceTree = "<group>"; };
		51BFCE1CC1E588018E34C511 /* Pods_ProjetoTests.framework */ = {isa = PBXFileReference; explicitFileType = wrapper.framework; includeInIndex = 0; path = Pods_ProjetoTests.framework; sourceTree = BUILT_PRODUCTS_DIR; };
		6D9786AD7B4DD6D393C4C6D9 /* Pods-ProjetoTests.release.xcconfig */ = {isa = PBXFileReference; includeInIndex = 1; lastKnownFileType = text.xcconfig; name = "Pods-ProjetoTests.release.xcconfig"; path = "Pods/Target Support Files/Pods-ProjetoTests/Pods-ProjetoTests.release.xcconfig"; sourceTree = "<group>"; };
		977AB64D1CFD52E100CEA663 /* Projeto.app */ = {isa = PBXFileReference; explicitFileType = wrapper.application; includeInIndex = 0; path = Projeto.app; sourceTree = BUILT_PRODUCTS_DIR; };
		977AB6501CFD52E100CEA663 /* AppDelegate.swift */ = {isa = PBXFileReference; lastKnownFileType = sourcecode.swift; path = AppDelegate.swift; sourceTree = "<group>"; };
		977AB6521CFD52E100CEA663 /* ViewController.swift */ = {isa = PBXFileReference; lastKnownFileType = sourcecode.swift; path = ViewController.swift; sourceTree = "<group>"; };
		977AB6551CFD52E100CEA663 /* Base */ = {isa = PBXFileReference; lastKnownFileType = file.storyboard; name = Base; path = Base.lproj/Main.storyboard; sourceTree = "<group>"; };
		977AB6581CFD52E100CEA663 /* Projeto.xcdatamodel */ = {isa = PBXFileReference; lastKnownFileType = wrapper.xcdatamodel; path = Projeto.xcdatamodel; sourceTree = "<group>"; };
		977AB65A1CFD52E100CEA663 /* Assets.xcassets */ = {isa = PBXFileReference; lastKnownFileType = folder.assetcatalog; path = Assets.xcassets; sourceTree = "<group>"; };
		977AB65D1CFD52E100CEA663 /* Base */ = {isa = PBXFileReference; lastKnownFileType = file.storyboard; name = Base; path = Base.lproj/LaunchScreen.storyboard; sourceTree = "<group>"; };
		977AB65F1CFD52E100CEA663 /* Info.plist */ = {isa = PBXFileReference; lastKnownFileType = text.plist.xml; path = Info.plist; sourceTree = "<group>"; };
		977AB6641CFD52E100CEA663 /* ProjetoTests.xctest */ = {isa = PBXFileReference; explicitFileType = wrapper.cfbundle; includeInIndex = 0; path = ProjetoTests.xctest; sourceTree = BUILT_PRODUCTS_DIR; };
		977AB6681CFD52E100CEA663 /* ProjetoTests.swift */ = {isa = PBXFileReference; lastKnownFileType = sourcecode.swift; path = ProjetoTests.swift; sourceTree = "<group>"; };
		977AB66A1CFD52E100CEA663 /* Info.plist */ = {isa = PBXFileReference; lastKnownFileType = text.plist.xml; path = Info.plist; sourceTree = "<group>"; };
		977AB66F1CFD52E100CEA663 /* ProjetoUITests.xctest */ = {isa = PBXFileReference; explicitFileType = wrapper.cfbundle; includeInIndex = 0; path = ProjetoUITests.xctest; sourceTree = BUILT_PRODUCTS_DIR; };
		977AB6731CFD52E100CEA663 /* ProjetoUITests.swift */ = {isa = PBXFileReference; lastKnownFileType = sourcecode.swift; path = ProjetoUITests.swift; sourceTree = "<group>"; };
		977AB6751CFD52E200CEA663 /* Info.plist */ = {isa = PBXFileReference; lastKnownFileType = text.plist.xml; path = Info.plist; sourceTree = "<group>"; };
		C514A93F25B43BD38D5A848E /* Pods-Projeto.release.xcconfig */ = {isa = PBXFileReference; includeInIndex = 1; lastKnownFileType = text.xcconfig; name = "Pods-Projeto.release.xcconfig"; path = "Pods/Target Support Files/Pods-Projeto/Pods-Projeto.release.xcconfig"; sourceTree = "<group>"; };
		D857FDEE0A8BD7CB46D05D0F /* Pods-ProjetoTests.debug.xcconfig */ = {isa = PBXFileReference; includeInIndex = 1; lastKnownFileType = text.xcconfig; name = "Pods-ProjetoTests.debug.xcconfig"; path = "Pods/Target Support Files/Pods-ProjetoTests/Pods-ProjetoTests.debug.xcconfig"; sourceTree = "<group>"; };
		E9A2D9802642C16E015FBB4B /* Pods-ProjetoUITests.debug.xcconfig */ = {isa = PBXFileReference; includeInIndex = 1; lastKnownFileType = text.xcconfig; name = "Pods-ProjetoUITests.debug.xcconfig"; path = "Pods/Target Support Files/Pods-ProjetoUITests/Pods-ProjetoUITests.debug.xcconfig"; sourceTree = "<group>"; };
		EBED3D452EC53F859A6CE9A0 /* Pods_ProjetoUITests.framework */ = {isa = PBXFileReference; explicitFileType = wrapper.framework; includeInIndex = 0; path = Pods_ProjetoUITests.framework; sourceTree = BUILT_PRODUCTS_DIR; };
		ECC6707C9423CF6AEDBDD146 /* Pods-Projeto.debug.xcconfig */ = {isa = PBXFileReference; includeInIndex = 1; lastKnownFileType = text.xcconfig; name = "Pods-Projeto.debug.xcconfig"; path = "Pods/Target Support Files/Pods-Projeto/Pods-Projeto.debug.xcconfig"; sourceTree = "<group>"; };
/* End PBXFileReference section */

/* Begin PBXFrameworksBuildPhase section */
		977AB64A1CFD52E100CEA663 /* Frameworks */ = {
			isa = PBXFrameworksBuildPhase;
			buildActionMask = 2147483647;
			files = (
				1B9F662A52E24BDD2B0C314D /* Pods_Projeto.framework in Frameworks */,
			);
			runOnlyForDeploymentPostprocessing = 0;
		};
		977AB6611CFD52E100CEA663 /* Frameworks */ = {
			isa = PBXFrameworksBuildPhase;
			buildActionMask = 2147483647;
			files = (
				150DE8A155A6EB20738C4E29 /* Pods_ProjetoTests.framework in Frameworks */,
			);
			runOnlyForDeploymentPostprocessing = 0;
		};
		977AB66C1CFD52E100CEA663 /* Frameworks */ = {
			isa = PBXFrameworksBuildPhase;
			buildActionMask = 2147483647;
			files = (
				BA60E894F32ACB0E018E036F /* Pods_ProjetoUITests.framework in Frameworks */,
			);
			runOnlyForDeploymentPostprocessing = 0;
		};
/* End PBXFrameworksBuildPhase section */

/* Begin PBXGroup section */
		3797B4FBA274E7299EE943AE /* Pods */ = {
			isa = PBXGroup;
			children = (
				ECC6707C9423CF6AEDBDD146 /* Pods-Projeto.debug.xcconfig */,
				C514A93F25B43BD38D5A848E /* Pods-Projeto.release.xcconfig */,
				D857FDEE0A8BD7CB46D05D0F /* Pods-ProjetoTests.debug.xcconfig */,
				6D9786AD7B4DD6D393C4C6D9 /* Pods-ProjetoTests.release.xcconfig */,
				E9A2D9802642C16E015FBB4B /* Pods-ProjetoUITests.debug.xcconfig */,
				2F3AD805D946D8EBAD019D4B /* Pods-ProjetoUITests.release.xcconfig */,
			);
			name = Pods;
			sourceTree = "<group>";
		};
		977AB6441CFD52E000CEA663 = {
			isa = PBXGroup;
			children = (
				977AB64F1CFD52E100CEA663 /* Projeto */,
				977AB6671CFD52E100CEA663 /* ProjetoTests */,
				977AB6721CFD52E100CEA663 /* ProjetoUITests */,
				977AB64E1CFD52E100CEA663 /* Products */,
				3797B4FBA274E7299EE943AE /* Pods */,
				DA0FFDFE40EFA36DF0C8CDB1 /* Frameworks */,
			);
			sourceTree = "<group>";
		};
		977AB64E1CFD52E100CEA663 /* Products */ = {
			isa = PBXGroup;
			children = (
				977AB64D1CFD52E100CEA663 /* Projeto.app */,
				977AB6641CFD52E100CEA663 /* ProjetoTests.xctest */,
				977AB66F1CFD52E100CEA663 /* ProjetoUITests.xctest */,
			);
			name = Products;
			sourceTree = "<group>";
		};
		977AB64F1CFD52E100CEA663 /* Projeto */ = {
			isa = PBXGroup;
			children = (
				977AB6501CFD52E100CEA663 /* AppDelegate.swift */,
				977AB6521CFD52E100CEA663 /* ViewController.swift */,
				977AB6541CFD52E100CEA663 /* Main.storyboard */,
				977AB65A1CFD52E100CEA663 /* Assets.xcassets */,
				977AB65C1CFD52E100CEA663 /* LaunchScreen.storyboard */,
				977AB65F1CFD52E100CEA663 /* Info.plist */,
				977AB6571CFD52E100CEA663 /* Projeto.xcdatamodeld */,
			);
			path = Projeto;
			sourceTree = "<group>";
		};
		977AB6671CFD52E100CEA663 /* ProjetoTests */ = {
			isa = PBXGroup;
			children = (
				977AB6681CFD52E100CEA663 /* ProjetoTests.swift */,
				977AB66A1CFD52E100CEA663 /* Info.plist */,
			);
			path = ProjetoTests;
			sourceTree = "<group>";
		};
		977AB6721CFD52E100CEA663 /* ProjetoUITests */ = {
			isa = PBXGroup;
			children = (
				977AB6731CFD52E100CEA663 /* ProjetoUITests.swift */,
				977AB6751CFD52E200CEA663 /* Info.plist */,
			);
			path = ProjetoUITests;
			sourceTree = "<group>";
		};
		DA0FFDFE40EFA36DF0C8CDB1 /* Frameworks */ = {
			isa = PBXGroup;
			children = (
				102931BD2F3B0A37E677767F /* Pods_Projeto.framework */,
				51BFCE1CC1E588018E34C511 /* Pods_ProjetoTests.framework */,
				EBED3D452EC53F859A6CE9A0 /* Pods_ProjetoUITests.framework */,
			);
			name = Frameworks;
			sourceTree = "<group>";
		};
/* End PBXGroup section */

/* Begin PBXNativeTarget section */
		977AB64C1CFD52E100CEA663 /* Projeto */ = {
			isa = PBXNativeTarget;
			buildConfigurationList = 977AB6781CFD52E200CEA663 /* Build configuration list for PBXNativeTarget "Projeto" */;
			buildPhases = (
				F631CA3271B7372C71425EC3 /* 📦 Check Pods Manifest.lock */,
				977AB6491CFD52E100CEA663 /* Sources */,
				977AB64A1CFD52E100CEA663 /* Frameworks */,
				977AB64B1CFD52E100CEA663 /* Resources */,
				9BB09CBC8442C124638B56F8 /* 📦 Embed Pods Frameworks */,
				1DA6E63F253E5002BA78AF4D /* 📦 Copy Pods Resources */,
			);
			buildRules = (
			);
			dependencies = (
			);
			name = Projeto;
			productName = Projeto;
			productReference = 977AB64D1CFD52E100CEA663 /* Projeto.app */;
			productType = "com.apple.product-type.application";
		};
		977AB6631CFD52E100CEA663 /* ProjetoTests */ = {
			isa = PBXNativeTarget;
			buildConfigurationList = 977AB67B1CFD52E200CEA663 /* Build configuration list for PBXNativeTarget "ProjetoTests" */;
			buildPhases = (
				621DD15CE11601DC71FE6609 /* 📦 Check Pods Manifest.lock */,
				977AB6601CFD52E100CEA663 /* Sources */,
				977AB6611CFD52E100CEA663 /* Frameworks */,
				977AB6621CFD52E100CEA663 /* Resources */,
				2FC2761BF0BFCA50BD753546 /* 📦 Embed Pods Frameworks */,
				38845ADFC2ABCF5A20C622CF /* 📦 Copy Pods Resources */,
			);
			buildRules = (
			);
			dependencies = (
				977AB6661CFD52E100CEA663 /* PBXTargetDependency */,
			);
			name = ProjetoTests;
			productName = ProjetoTests;
			productReference = 977AB6641CFD52E100CEA663 /* ProjetoTests.xctest */;
			productType = "com.apple.product-type.bundle.unit-test";
		};
		977AB66E1CFD52E100CEA663 /* ProjetoUITests */ = {
			isa = PBXNativeTarget;
			buildConfigurationList = 977AB67E1CFD52E200CEA663 /* Build configuration list for PBXNativeTarget "ProjetoUITests" */;
			buildPhases = (
				D7FD3A38B7E8135B475964B3 /* 📦 Check Pods Manifest.lock */,
				977AB66B1CFD52E100CEA663 /* Sources */,
				977AB66C1CFD52E100CEA663 /* Frameworks */,
				977AB66D1CFD52E100CEA663 /* Resources */,
				7D89AAC94AB7CC18E045B7E1 /* 📦 Copy Pods Resources */,
			);
			buildRules = (
			);
			dependencies = (
				977AB6711CFD52E100CEA663 /* PBXTargetDependency */,
			);
			name = ProjetoUITests;
			productName = ProjetoUITests;
			productReference = 977AB66F1CFD52E100CEA663 /* ProjetoUITests.xctest */;
			productType = "com.apple.product-type.bundle.ui-testing";
		};
/* End PBXNativeTarget section */

/* Begin PBXProject section */
		977AB6451CFD52E100CEA663 /* Project object */ = {
			isa = PBXProject;
			attributes = {
				LastSwiftUpdateCheck = 0730;
				LastUpgradeCheck = 0730;
				ORGANIZATIONNAME = "Alexandre Oliveira";
				TargetAttributes = {
					977AB64C1CFD52E100CEA663 = {
						CreatedOnToolsVersion = 7.3.1;
					};
					977AB6631CFD52E100CEA663 = {
						CreatedOnToolsVersion = 7.3.1;
						TestTargetID = 977AB64C1CFD52E100CEA663;
					};
					977AB66E1CFD52E100CEA663 = {
						CreatedOnToolsVersion = 7.3.1;
						TestTargetID = 977AB64C1CFD52E100CEA663;
					};
				};
			};
			buildConfigurationList = 977AB6481CFD52E100CEA663 /* Build configuration list for PBXProject "Projeto" */;
			compatibilityVersion = "Xcode 3.2";
			developmentRegion = English;
			hasScannedForEncodings = 0;
			knownRegions = (
				en,
				Base,
			);
			mainGroup = 977AB6441CFD52E000CEA663;
			productRefGroup = 977AB64E1CFD52E100CEA663 /* Products */;
			projectDirPath = "";
			projectRoot = "";
			targets = (
				977AB64C1CFD52E100CEA663 /* Projeto */,
				977AB6631CFD52E100CEA663 /* ProjetoTests */,
				977AB66E1CFD52E100CEA663 /* ProjetoUITests */,
			);
		};
/* End PBXProject section */

/* Begin PBXResourcesBuildPhase section */
		977AB64B1CFD52E100CEA663 /* Resources */ = {
			isa = PBXResourcesBuildPhase;
			buildActionMask = 2147483647;
			files = (
				977AB65E1CFD52E100CEA663 /* LaunchScreen.storyboard in Resources */,
				977AB65B1CFD52E100CEA663 /* Assets.xcassets in Resources */,
				977AB6561CFD52E100CEA663 /* Main.storyboard in Resources */,
			);
			runOnlyForDeploymentPostprocessing = 0;
		};
		977AB6621CFD52E100CEA663 /* Resources */ = {
			isa = PBXResourcesBuildPhase;
			buildActionMask = 2147483647;
			files = (
			);
			runOnlyForDeploymentPostprocessing = 0;
		};
		977AB66D1CFD52E100CEA663 /* Resources */ = {
			isa = PBXResourcesBuildPhase;
			buildActionMask = 2147483647;
			files = (
			);
			runOnlyForDeploymentPostprocessing = 0;
		};
/* End PBXResourcesBuildPhase section */

/* Begin PBXShellScriptBuildPhase section */
		1DA6E63F253E5002BA78AF4D /* 📦 Copy Pods Resources */ = {
			isa = PBXShellScriptBuildPhase;
			buildActionMask = 2147483647;
			files = (
			);
			inputPaths = (
			);
			name = "📦 Copy Pods Resources";
			outputPaths = (
			);
			runOnlyForDeploymentPostprocessing = 0;
			shellPath = /bin/sh;
			shellScript = "\"${SRCROOT}/Pods/Target Support Files/Pods-Projeto/Pods-Projeto-resources.sh\"\n";
			showEnvVarsInLog = 0;
		};
		2FC2761BF0BFCA50BD753546 /* 📦 Embed Pods Frameworks */ = {
			isa = PBXShellScriptBuildPhase;
			buildActionMask = 2147483647;
			files = (
			);
			inputPaths = (
			);
			name = "📦 Embed Pods Frameworks";
			outputPaths = (
			);
			runOnlyForDeploymentPostprocessing = 0;
			shellPath = /bin/sh;
			shellScript = "\"${SRCROOT}/Pods/Target Support Files/Pods-ProjetoTests/Pods-ProjetoTests-frameworks.sh\"\n";
			showEnvVarsInLog = 0;
		};
		38845ADFC2ABCF5A20C622CF /* 📦 Copy Pods Resources */ = {
			isa = PBXShellScriptBuildPhase;
			buildActionMask = 2147483647;
			files = (
			);
			inputPaths = (
			);
			name = "📦 Copy Pods Resources";
			outputPaths = (
			);
			runOnlyForDeploymentPostprocessing = 0;
			shellPath = /bin/sh;
			shellScript = "\"${SRCROOT}/Pods/Target Support Files/Pods-ProjetoTests/Pods-ProjetoTests-resources.sh\"\n";
			showEnvVarsInLog = 0;
		};
		621DD15CE11601DC71FE6609 /* 📦 Check Pods Manifest.lock */ = {
			isa = PBXShellScriptBuildPhase;
			buildActionMask = 2147483647;
			files = (
			);
			inputPaths = (
			);
			name = "📦 Check Pods Manifest.lock";
			outputPaths = (
			);
			runOnlyForDeploymentPostprocessing = 0;
			shellPath = /bin/sh;
			shellScript = "diff \"${PODS_ROOT}/../Podfile.lock\" \"${PODS_ROOT}/Manifest.lock\" > /dev/null\nif [[ $? != 0 ]] ; then\n    cat << EOM\nerror: The sandbox is not in sync with the Podfile.lock. Run 'pod install' or update your CocoaPods installation.\nEOM\n    exit 1\nfi\n";
			showEnvVarsInLog = 0;
		};
		7D89AAC94AB7CC18E045B7E1 /* 📦 Copy Pods Resources */ = {
			isa = PBXShellScriptBuildPhase;
			buildActionMask = 2147483647;
			files = (
			);
			inputPaths = (
			);
			name = "📦 Copy Pods Resources";
			outputPaths = (
			);
			runOnlyForDeploymentPostprocessing = 0;
			shellPath = /bin/sh;
			shellScript = "\"${SRCROOT}/Pods/Target Support Files/Pods-ProjetoUITests/Pods-ProjetoUITests-resources.sh\"\n";
			showEnvVarsInLog = 0;
		};
		9BB09CBC8442C124638B56F8 /* 📦 Embed Pods Frameworks */ = {
			isa = PBXShellScriptBuildPhase;
			buildActionMask = 2147483647;
			files = (
			);
			inputPaths = (
			);
			name = "📦 Embed Pods Frameworks";
			outputPaths = (
			);
			runOnlyForDeploymentPostprocessing = 0;
			shellPath = /bin/sh;
			shellScript = "\"${SRCROOT}/Pods/Target Support Files/Pods-Projeto/Pods-Projeto-frameworks.sh\"\n";
			showEnvVarsInLog = 0;
		};
		D7FD3A38B7E8135B475964B3 /* 📦 Check Pods Manifest.lock */ = {
			isa = PBXShellScriptBuildPhase;
			buildActionMask = 2147483647;
			files = (
			);
			inputPaths = (
			);
			name = "📦 Check Pods Manifest.lock";
			outputPaths = (
			);
			runOnlyForDeploymentPostprocessing = 0;
			shellPath = /bin/sh;
			shellScript = "diff \"${PODS_ROOT}/../Podfile.lock\" \"${PODS_ROOT}/Manifest.lock\" > /dev/null\nif [[ $? != 0 ]] ; then\n    cat << EOM\nerror: The sandbox is not in sync with the Podfile.lock. Run 'pod install' or update your CocoaPods installation.\nEOM\n    exit 1\nfi\n";
			showEnvVarsInLog = 0;
		};
		F631CA3271B7372C71425EC3 /* 📦 Check Pods Manifest.lock */ = {
			isa = PBXShellScriptBuildPhase;
			buildActionMask = 2147483647;
			files = (
			);
			inputPaths = (
			);
			name = "📦 Check Pods Manifest.lock";
			outputPaths = (
			);
			runOnlyForDeploymentPostprocessing = 0;
			shellPath = /bin/sh;
			shellScript = "diff \"${PODS_ROOT}/../Podfile.lock\" \"${PODS_ROOT}/Manifest.lock\" > /dev/null\nif [[ $? != 0 ]] ; then\n    cat << EOM\nerror: The sandbox is not in sync with the Podfile.lock. Run 'pod install' or update your CocoaPods installation.\nEOM\n    exit 1\nfi\n";
			showEnvVarsInLog = 0;
		};
/* End PBXShellScriptBuildPhase section */

/* Begin PBXSourcesBuildPhase section */
		977AB6491CFD52E100CEA663 /* Sources */ = {
			isa = PBXSourcesBuildPhase;
			buildActionMask = 2147483647;
			files = (
				977AB6531CFD52E100CEA663 /* ViewController.swift in Sources */,
				977AB6511CFD52E100CEA663 /* AppDelegate.swift in Sources */,
				977AB6591CFD52E100CEA663 /* Projeto.xcdatamodeld in Sources */,
			);
			runOnlyForDeploymentPostprocessing = 0;
		};
		977AB6601CFD52E100CEA663 /* Sources */ = {
			isa = PBXSourcesBuildPhase;
			buildActionMask = 2147483647;
			files = (
				977AB6691CFD52E100CEA663 /* ProjetoTests.swift in Sources */,
			);
			runOnlyForDeploymentPostprocessing = 0;
		};
		977AB66B1CFD52E100CEA663 /* Sources */ = {
			isa = PBXSourcesBuildPhase;
			buildActionMask = 2147483647;
			files = (
				977AB6741CFD52E100CEA663 /* ProjetoUITests.swift in Sources */,
			);
			runOnlyForDeploymentPostprocessing = 0;
		};
/* End PBXSourcesBuildPhase section */

/* Begin PBXTargetDependency section */
		977AB6661CFD52E100CEA663 /* PBXTargetDependency */ = {
			isa = PBXTargetDependency;
			target = 977AB64C1CFD52E100CEA663 /* Projeto */;
			targetProxy = 977AB6651CFD52E100CEA663 /* PBXContainerItemProxy */;
		};
		977AB6711CFD52E100CEA663 /* PBXTargetDependency */ = {
			isa = PBXTargetDependency;
			target = 977AB64C1CFD52E100CEA663 /* Projeto */;
			targetProxy = 977AB6701CFD52E100CEA663 /* PBXContainerItemProxy */;
		};
/* End PBXTargetDependency section */

/* Begin PBXVariantGroup section */
		977AB6541CFD52E100CEA663 /* Main.storyboard */ = {
			isa = PBXVariantGroup;
			children = (
				977AB6551CFD52E100CEA663 /* Base */,
			);
			name = Main.storyboard;
			sourceTree = "<group>";
		};
		977AB65C1CFD52E100CEA663 /* LaunchScreen.storyboard */ = {
			isa = PBXVariantGroup;
			children = (
				977AB65D1CFD52E100CEA663 /* Base */,
			);
			name = LaunchScreen.storyboard;
			sourceTree = "<group>";
		};
/* End PBXVariantGroup section */

/* Begin XCBuildConfiguration section */
		977AB6761CFD52E200CEA663 /* Debug */ = {
			isa = XCBuildConfiguration;
			buildSettings = {
				ALWAYS_SEARCH_USER_PATHS = NO;
				CLANG_ANALYZER_NONNULL = YES;
				CLANG_CXX_LANGUAGE_STANDARD = "gnu++0x";
				CLANG_CXX_LIBRARY = "libc++";
				CLANG_ENABLE_MODULES = YES;
				CLANG_ENABLE_OBJC_ARC = YES;
				CLANG_WARN_BOOL_CONVERSION = YES;
				CLANG_WARN_CONSTANT_CONVERSION = YES;
				CLANG_WARN_DIRECT_OBJC_ISA_USAGE = YES_ERROR;
				CLANG_WARN_EMPTY_BODY = YES;
				CLANG_WARN_ENUM_CONVERSION = YES;
				CLANG_WARN_INT_CONVERSION = YES;
				CLANG_WARN_OBJC_ROOT_CLASS = YES_ERROR;
				CLANG_WARN_UNREACHABLE_CODE = YES;
				CLANG_WARN__DUPLICATE_METHOD_MATCH = YES;
				"CODE_SIGN_IDENTITY[sdk=iphoneos*]" = "iPhone Developer";
				COPY_PHASE_STRIP = NO;
				DEBUG_INFORMATION_FORMAT = dwarf;
				ENABLE_STRICT_OBJC_MSGSEND = YES;
				ENABLE_TESTABILITY = YES;
				GCC_C_LANGUAGE_STANDARD = gnu99;
				GCC_DYNAMIC_NO_PIC = NO;
				GCC_NO_COMMON_BLOCKS = YES;
				GCC_OPTIMIZATION_LEVEL = 0;
				GCC_PREPROCESSOR_DEFINITIONS = (
					"DEBUG=1",
					"$(inherited)",
				);
				GCC_WARN_64_TO_32_BIT_CONVERSION = YES;
				GCC_WARN_ABOUT_RETURN_TYPE = YES_ERROR;
				GCC_WARN_UNDECLARED_SELECTOR = YES;
				GCC_WARN_UNINITIALIZED_AUTOS = YES_AGGRESSIVE;
				GCC_WARN_UNUSED_FUNCTION = YES;
				GCC_WARN_UNUSED_VARIABLE = YES;
				IPHONEOS_DEPLOYMENT_TARGET = 9.3;
				MTL_ENABLE_DEBUG_INFO = YES;
				ONLY_ACTIVE_ARCH = YES;
				SDKROOT = iphoneos;
				SWIFT_OPTIMIZATION_LEVEL = "-Onone";
				TARGETED_DEVICE_FAMILY = "1,2";
			};
			name = Debug;
		};
		977AB6771CFD52E200CEA663 /* Release */ = {
			isa = XCBuildConfiguration;
			buildSettings = {
				ALWAYS_SEARCH_USER_PATHS = NO;
				CLANG_ANALYZER_NONNULL = YES;
				CLANG_CXX_LANGUAGE_STANDARD = "gnu++0x";
				CLANG_CXX_LIBRARY = "libc++";
				CLANG_ENABLE_MODULES = YES;
				CLANG_ENABLE_OBJC_ARC = YES;
				CLANG_WARN_BOOL_CONVERSION = YES;
				CLANG_WARN_CONSTANT_CONVERSION = YES;
				CLANG_WARN_DIRECT_OBJC_ISA_USAGE = YES_ERROR;
				CLANG_WARN_EMPTY_BODY = YES;
				CLANG_WARN_ENUM_CONVERSION = YES;
				CLANG_WARN_INT_CONVERSION = YES;
				CLANG_WARN_OBJC_ROOT_CLASS = YES_ERROR;
				CLANG_WARN_UNREACHABLE_CODE = YES;
				CLANG_WARN__DUPLICATE_METHOD_MATCH = YES;
				"CODE_SIGN_IDENTITY[sdk=iphoneos*]" = "iPhone Developer";
				COPY_PHASE_STRIP = NO;
				DEBUG_INFORMATION_FORMAT = "dwarf-with-dsym";
				ENABLE_NS_ASSERTIONS = NO;
				ENABLE_STRICT_OBJC_MSGSEND = YES;
				GCC_C_LANGUAGE_STANDARD = gnu99;
				GCC_NO_COMMON_BLOCKS = YES;
				GCC_WARN_64_TO_32_BIT_CONVERSION = YES;
				GCC_WARN_ABOUT_RETURN_TYPE = YES_ERROR;
				GCC_WARN_UNDECLARED_SELECTOR = YES;
				GCC_WARN_UNINITIALIZED_AUTOS = YES_AGGRESSIVE;
				GCC_WARN_UNUSED_FUNCTION = YES;
				GCC_WARN_UNUSED_VARIABLE = YES;
				IPHONEOS_DEPLOYMENT_TARGET = 9.3;
				MTL_ENABLE_DEBUG_INFO = NO;
				SDKROOT = iphoneos;
				TARGETED_DEVICE_FAMILY = "1,2";
				VALIDATE_PRODUCT = YES;
			};
			name = Release;
		};
		977AB6791CFD52E200CEA663 /* Debug */ = {
			isa = XCBuildConfiguration;
			baseConfigurationReference = ECC6707C9423CF6AEDBDD146 /* Pods-Projeto.debug.xcconfig */;
			buildSettings = {
				ASSETCATALOG_COMPILER_APPICON_NAME = AppIcon;
				INFOPLIST_FILE = Projeto/Info.plist;
				LD_RUNPATH_SEARCH_PATHS = "$(inherited) @executable_path/Frameworks";
				PRODUCT_BUNDLE_IDENTIFIER = br.eti.alexandreoliveira.Projeto;
				PRODUCT_NAME = "$(TARGET_NAME)";
			};
			name = Debug;
		};
		977AB67A1CFD52E200CEA663 /* Release */ = {
			isa = XCBuildConfiguration;
			baseConfigurationReference = C514A93F25B43BD38D5A848E /* Pods-Projeto.release.xcconfig */;
			buildSettings = {
				ASSETCATALOG_COMPILER_APPICON_NAME = AppIcon;
				INFOPLIST_FILE = Projeto/Info.plist;
				LD_RUNPATH_SEARCH_PATHS = "$(inherited) @executable_path/Frameworks";
				PRODUCT_BUNDLE_IDENTIFIER = br.eti.alexandreoliveira.Projeto;
				PRODUCT_NAME = "$(TARGET_NAME)";
			};
			name = Release;
		};
		977AB67C1CFD52E200CEA663 /* Debug */ = {
			isa = XCBuildConfiguration;
			baseConfigurationReference = D857FDEE0A8BD7CB46D05D0F /* Pods-ProjetoTests.debug.xcconfig */;
			buildSettings = {
				BUNDLE_LOADER = "$(TEST_HOST)";
				INFOPLIST_FILE = ProjetoTests/Info.plist;
				LD_RUNPATH_SEARCH_PATHS = "$(inherited) @executable_path/Frameworks @loader_path/Frameworks";
				PRODUCT_BUNDLE_IDENTIFIER = br.eti.alexandreoliveira.ProjetoTests;
				PRODUCT_NAME = "$(TARGET_NAME)";
				TEST_HOST = "$(BUILT_PRODUCTS_DIR)/Projeto.app/Projeto";
			};
			name = Debug;
		};
		977AB67D1CFD52E200CEA663 /* Release */ = {
			isa = XCBuildConfiguration;
			baseConfigurationReference = 6D9786AD7B4DD6D393C4C6D9 /* Pods-ProjetoTests.release.xcconfig */;
			buildSettings = {
				BUNDLE_LOADER = "$(TEST_HOST)";
				INFOPLIST_FILE = ProjetoTests/Info.plist;
				LD_RUNPATH_SEARCH_PATHS = "$(inherited) @executable_path/Frameworks @loader_path/Frameworks";
				PRODUCT_BUNDLE_IDENTIFIER = br.eti.alexandreoliveira.ProjetoTests;
				PRODUCT_NAME = "$(TARGET_NAME)";
				TEST_HOST = "$(BUILT_PRODUCTS_DIR)/Projeto.app/Projeto";
			};
			name = Release;
		};
		977AB67F1CFD52E200CEA663 /* Debug */ = {
			isa = XCBuildConfiguration;
			baseConfigurationReference = E9A2D9802642C16E015FBB4B /* Pods-ProjetoUITests.debug.xcconfig */;
			buildSettings = {
				INFOPLIST_FILE = ProjetoUITests/Info.plist;
				LD_RUNPATH_SEARCH_PATHS = "$(inherited) @executable_path/Frameworks @loader_path/Frameworks";
				PRODUCT_BUNDLE_IDENTIFIER = br.eti.alexandreoliveira.ProjetoUITests;
				PRODUCT_NAME = "$(TARGET_NAME)";
				TEST_TARGET_NAME = Projeto;
			};
			name = Debug;
		};
		977AB6801CFD52E200CEA663 /* Release */ = {
			isa = XCBuildConfiguration;
			baseConfigurationReference = 2F3AD805D946D8EBAD019D4B /* Pods-ProjetoUITests.release.xcconfig */;
			buildSettings = {
				INFOPLIST_FILE = ProjetoUITests/Info.plist;
				LD_RUNPATH_SEARCH_PATHS = "$(inherited) @executable_path/Frameworks @loader_path/Frameworks";
				PRODUCT_BUNDLE_IDENTIFIER = br.eti.alexandreoliveira.ProjetoUITests;
				PRODUCT_NAME = "$(TARGET_NAME)";
				TEST_TARGET_NAME = Projeto;
			};
			name = Release;
		};
/* End XCBuildConfiguration section */

/* Begin XCConfigurationList section */
		977AB6481CFD52E100CEA663 /* Build configuration list for PBXProject "Projeto" */ = {
			isa = XCConfigurationList;
			buildConfigurations = (
				977AB6761CFD52E200CEA663 /* Debug */,
				977AB6771CFD52E200CEA663 /* Release */,
			);
			defaultConfigurationIsVisible = 0;
			defaultConfigurationName = Release;
		};
		977AB6781CFD52E200CEA663 /* Build configuration list for PBXNativeTarget "Projeto" */ = {
			isa = XCConfigurationList;
			buildConfigurations = (
				977AB6791CFD52E200CEA663 /* Debug */,
				977AB67A1CFD52E200CEA663 /* Release */,
			);
			defaultConfigurationIsVisible = 0;
			defaultConfigurationName = Release;
		};
		977AB67B1CFD52E200CEA663 /* Build configuration list for PBXNativeTarget "ProjetoTests" */ = {
			isa = XCConfigurationList;
			buildConfigurations = (
				977AB67C1CFD52E200CEA663 /* Debug */,
				977AB67D1CFD52E200CEA663 /* Release */,
			);
			defaultConfigurationIsVisible = 0;
			defaultConfigurationName = Release;
		};
		977AB67E1CFD52E200CEA663 /* Build configuration list for PBXNativeTarget "ProjetoUITests" */ = {
			isa = XCConfigurationList;
			buildConfigurations = (
				977AB67F1CFD52E200CEA663 /* Debug */,
				977AB6801CFD52E200CEA663 /* Release */,
			);
			defaultConfigurationIsVisible = 0;
			defaultConfigurationName = Release;
		};
/* End XCConfigurationList section */

/* Begin XCVersionGroup section */
		977AB6571CFD52E100CEA663 /* Projeto.xcdatamodeld */ = {
			isa = XCVersionGroup;
			children = (
				977AB6581CFD52E100CEA663 /* Projeto.xcdatamodel */,
			);
			currentVersion = 977AB6581CFD52E100CEA663 /* Projeto.xcdatamodel */;
			path = Projeto.xcdatamodeld;
			sourceTree = "<group>";
			versionGroupType = wrapper.xcdatamodel;
		};
/* End XCVersionGroup section */
	};
	rootObject = 977AB6451CFD52E100CEA663 /* Project object */;
}
