// !$*UTF8*$!
{
	archiveVersion = 1;
	classes = {
	};
	objectVersion = 46;
	objects = {

/* Begin PBXBuildFile section */
		1440CA7D96D0FC64513E3D0C /* Pods_Sacolao.framework in Frameworks */ = {isa = PBXBuildFile; fileRef = 190A4A528FF64D2B5578263D /* Pods_Sacolao.framework */; };
		9702F0C51D45837100ED028E /* EditProdutoViewController.swift in Sources */ = {isa = PBXBuildFile; fileRef = 9702F0C41D45837100ED028E /* EditProdutoViewController.swift */; };
		9702F0C71D458E6500ED028E /* ProdutoViewController.swift in Sources */ = {isa = PBXBuildFile; fileRef = 9702F0C61D458E6500ED028E /* ProdutoViewController.swift */; };
		975413B31D1A559900A096CA /* ListaProdutosController.swift in Sources */ = {isa = PBXBuildFile; fileRef = 975413A51D1A559900A096CA /* ListaProdutosController.swift */; };
		975413B41D1A559900A096CA /* ViewController.swift in Sources */ = {isa = PBXBuildFile; fileRef = 975413A61D1A559900A096CA /* ViewController.swift */; };
		975413B51D1A559900A096CA /* ConnectionDatabase.swift in Sources */ = {isa = PBXBuildFile; fileRef = 975413A91D1A559900A096CA /* ConnectionDatabase.swift */; };
		975413B61D1A559900A096CA /* DAO.swift in Sources */ = {isa = PBXBuildFile; fileRef = 975413AA1D1A559900A096CA /* DAO.swift */; };
		975413B71D1A559900A096CA /* DAOProtocol.swift in Sources */ = {isa = PBXBuildFile; fileRef = 975413AB1D1A559900A096CA /* DAOProtocol.swift */; };
		975413B81D1A559900A096CA /* DAOException.swift in Sources */ = {isa = PBXBuildFile; fileRef = 975413AD1D1A559900A096CA /* DAOException.swift */; };
		975413B91D1A559900A096CA /* ProdutoHelper.swift in Sources */ = {isa = PBXBuildFile; fileRef = 975413AF1D1A559900A096CA /* ProdutoHelper.swift */; };
		975413BA1D1A559900A096CA /* Produto.swift in Sources */ = {isa = PBXBuildFile; fileRef = 975413B11D1A559900A096CA /* Produto.swift */; };
		975413BB1D1A559900A096CA /* ProdutoDAO.swift in Sources */ = {isa = PBXBuildFile; fileRef = 975413B21D1A559900A096CA /* ProdutoDAO.swift */; };
		97A83E011D0A448800859715 /* AppDelegate.swift in Sources */ = {isa = PBXBuildFile; fileRef = 97A83E001D0A448800859715 /* AppDelegate.swift */; };
		97A83E061D0A448800859715 /* Main.storyboard in Resources */ = {isa = PBXBuildFile; fileRef = 97A83E041D0A448800859715 /* Main.storyboard */; };
		97A83E091D0A448800859715 /* Sacolao.xcdatamodeld in Sources */ = {isa = PBXBuildFile; fileRef = 97A83E071D0A448800859715 /* Sacolao.xcdatamodeld */; };
		97A83E0B1D0A448800859715 /* Assets.xcassets in Resources */ = {isa = PBXBuildFile; fileRef = 97A83E0A1D0A448800859715 /* Assets.xcassets */; };
		97A83E0E1D0A448800859715 /* LaunchScreen.storyboard in Resources */ = {isa = PBXBuildFile; fileRef = 97A83E0C1D0A448800859715 /* LaunchScreen.storyboard */; };
/* End PBXBuildFile section */

/* Begin PBXFileReference section */
		190A4A528FF64D2B5578263D /* Pods_Sacolao.framework */ = {isa = PBXFileReference; explicitFileType = wrapper.framework; includeInIndex = 0; path = Pods_Sacolao.framework; sourceTree = BUILT_PRODUCTS_DIR; };
		9702F0C41D45837100ED028E /* EditProdutoViewController.swift */ = {isa = PBXFileReference; fileEncoding = 4; lastKnownFileType = sourcecode.swift; path = EditProdutoViewController.swift; sourceTree = "<group>"; };
		9702F0C61D458E6500ED028E /* ProdutoViewController.swift */ = {isa = PBXFileReference; fileEncoding = 4; lastKnownFileType = sourcecode.swift; path = ProdutoViewController.swift; sourceTree = "<group>"; };
		975413A51D1A559900A096CA /* ListaProdutosController.swift */ = {isa = PBXFileReference; fileEncoding = 4; lastKnownFileType = sourcecode.swift; path = ListaProdutosController.swift; sourceTree = "<group>"; };
		975413A61D1A559900A096CA /* ViewController.swift */ = {isa = PBXFileReference; fileEncoding = 4; lastKnownFileType = sourcecode.swift; path = ViewController.swift; sourceTree = "<group>"; };
		975413A91D1A559900A096CA /* ConnectionDatabase.swift */ = {isa = PBXFileReference; fileEncoding = 4; lastKnownFileType = sourcecode.swift; path = ConnectionDatabase.swift; sourceTree = "<group>"; };
		975413AA1D1A559900A096CA /* DAO.swift */ = {isa = PBXFileReference; fileEncoding = 4; lastKnownFileType = sourcecode.swift; path = DAO.swift; sourceTree = "<group>"; };
		975413AB1D1A559900A096CA /* DAOProtocol.swift */ = {isa = PBXFileReference; fileEncoding = 4; lastKnownFileType = sourcecode.swift; path = DAOProtocol.swift; sourceTree = "<group>"; };
		975413AD1D1A559900A096CA /* DAOException.swift */ = {isa = PBXFileReference; fileEncoding = 4; lastKnownFileType = sourcecode.swift; path = DAOException.swift; sourceTree = "<group>"; };
		975413AF1D1A559900A096CA /* ProdutoHelper.swift */ = {isa = PBXFileReference; fileEncoding = 4; lastKnownFileType = sourcecode.swift; path = ProdutoHelper.swift; sourceTree = "<group>"; };
		975413B11D1A559900A096CA /* Produto.swift */ = {isa = PBXFileReference; fileEncoding = 4; lastKnownFileType = sourcecode.swift; path = Produto.swift; sourceTree = "<group>"; };
		975413B21D1A559900A096CA /* ProdutoDAO.swift */ = {isa = PBXFileReference; fileEncoding = 4; lastKnownFileType = sourcecode.swift; path = ProdutoDAO.swift; sourceTree = "<group>"; };
		97A83DFD1D0A448800859715 /* Sacolao.app */ = {isa = PBXFileReference; explicitFileType = wrapper.application; includeInIndex = 0; path = Sacolao.app; sourceTree = BUILT_PRODUCTS_DIR; };
		97A83E001D0A448800859715 /* AppDelegate.swift */ = {isa = PBXFileReference; lastKnownFileType = sourcecode.swift; path = AppDelegate.swift; sourceTree = "<group>"; };
		97A83E051D0A448800859715 /* Base */ = {isa = PBXFileReference; lastKnownFileType = file.storyboard; name = Base; path = Base.lproj/Main.storyboard; sourceTree = "<group>"; };
		97A83E081D0A448800859715 /* Sacolao.xcdatamodel */ = {isa = PBXFileReference; lastKnownFileType = wrapper.xcdatamodel; path = Sacolao.xcdatamodel; sourceTree = "<group>"; };
		97A83E0A1D0A448800859715 /* Assets.xcassets */ = {isa = PBXFileReference; lastKnownFileType = folder.assetcatalog; path = Assets.xcassets; sourceTree = "<group>"; };
		97A83E0D1D0A448800859715 /* Base */ = {isa = PBXFileReference; lastKnownFileType = file.storyboard; name = Base; path = Base.lproj/LaunchScreen.storyboard; sourceTree = "<group>"; };
		97A83E0F1D0A448800859715 /* Info.plist */ = {isa = PBXFileReference; lastKnownFileType = text.plist.xml; path = Info.plist; sourceTree = "<group>"; };
		A58ABCA0A053462E2F34C5BE /* Pods-Sacolao.debug.xcconfig */ = {isa = PBXFileReference; includeInIndex = 1; lastKnownFileType = text.xcconfig; name = "Pods-Sacolao.debug.xcconfig"; path = "Pods/Target Support Files/Pods-Sacolao/Pods-Sacolao.debug.xcconfig"; sourceTree = "<group>"; };
		FE94585B727DAB0257FEE146 /* Pods-Sacolao.release.xcconfig */ = {isa = PBXFileReference; includeInIndex = 1; lastKnownFileType = text.xcconfig; name = "Pods-Sacolao.release.xcconfig"; path = "Pods/Target Support Files/Pods-Sacolao/Pods-Sacolao.release.xcconfig"; sourceTree = "<group>"; };
/* End PBXFileReference section */

/* Begin PBXFrameworksBuildPhase section */
		97A83DFA1D0A448800859715 /* Frameworks */ = {
			isa = PBXFrameworksBuildPhase;
			buildActionMask = 2147483647;
			files = (
				1440CA7D96D0FC64513E3D0C /* Pods_Sacolao.framework in Frameworks */,
			);
			runOnlyForDeploymentPostprocessing = 0;
		};
/* End PBXFrameworksBuildPhase section */

/* Begin PBXGroup section */
		1712101CA93FDD82113B072B /* Frameworks */ = {
			isa = PBXGroup;
			children = (
				190A4A528FF64D2B5578263D /* Pods_Sacolao.framework */,
			);
			name = Frameworks;
			sourceTree = "<group>";
		};
		975413A41D1A559900A096CA /* Controllers */ = {
			isa = PBXGroup;
			children = (
				975413A51D1A559900A096CA /* ListaProdutosController.swift */,
				975413A61D1A559900A096CA /* ViewController.swift */,
				9702F0C41D45837100ED028E /* EditProdutoViewController.swift */,
				9702F0C61D458E6500ED028E /* ProdutoViewController.swift */,
			);
			path = Controllers;
			sourceTree = "<group>";
		};
		975413A71D1A559900A096CA /* DAO */ = {
			isa = PBXGroup;
			children = (
				975413AA1D1A559900A096CA /* DAO.swift */,
				975413AB1D1A559900A096CA /* DAOProtocol.swift */,
				975413B21D1A559900A096CA /* ProdutoDAO.swift */,
				975413A81D1A559900A096CA /* Connection */,
				975413AC1D1A559900A096CA /* Exceptions */,
				975413AE1D1A559900A096CA /* Helpers */,
				975413B01D1A559900A096CA /* Models */,
			);
			path = DAO;
			sourceTree = "<group>";
		};
		975413A81D1A559900A096CA /* Connection */ = {
			isa = PBXGroup;
			children = (
				975413A91D1A559900A096CA /* ConnectionDatabase.swift */,
			);
			path = Connection;
			sourceTree = "<group>";
		};
		975413AC1D1A559900A096CA /* Exceptions */ = {
			isa = PBXGroup;
			children = (
				975413AD1D1A559900A096CA /* DAOException.swift */,
			);
			path = Exceptions;
			sourceTree = "<group>";
		};
		975413AE1D1A559900A096CA /* Helpers */ = {
			isa = PBXGroup;
			children = (
				975413AF1D1A559900A096CA /* ProdutoHelper.swift */,
			);
			path = Helpers;
			sourceTree = "<group>";
		};
		975413B01D1A559900A096CA /* Models */ = {
			isa = PBXGroup;
			children = (
				975413B11D1A559900A096CA /* Produto.swift */,
			);
			path = Models;
			sourceTree = "<group>";
		};
		97A83DF41D0A448700859715 = {
			isa = PBXGroup;
			children = (
				97A83DFF1D0A448800859715 /* Sacolao */,
				97A83DFE1D0A448800859715 /* Products */,
				D87C6E4E87154BE1A24E62D8 /* Pods */,
				1712101CA93FDD82113B072B /* Frameworks */,
			);
			sourceTree = "<group>";
		};
		97A83DFE1D0A448800859715 /* Products */ = {
			isa = PBXGroup;
			children = (
				97A83DFD1D0A448800859715 /* Sacolao.app */,
			);
			name = Products;
			sourceTree = "<group>";
		};
		97A83DFF1D0A448800859715 /* Sacolao */ = {
			isa = PBXGroup;
			children = (
				97A83E0F1D0A448800859715 /* Info.plist */,
				97A83E001D0A448800859715 /* AppDelegate.swift */,
				97A83E0A1D0A448800859715 /* Assets.xcassets */,
				975413A41D1A559900A096CA /* Controllers */,
				975413A71D1A559900A096CA /* DAO */,
				97A83E0C1D0A448800859715 /* LaunchScreen.storyboard */,
				97A83E041D0A448800859715 /* Main.storyboard */,
				97A83E071D0A448800859715 /* Sacolao.xcdatamodeld */,
			);
			path = Sacolao;
			sourceTree = "<group>";
		};
		D87C6E4E87154BE1A24E62D8 /* Pods */ = {
			isa = PBXGroup;
			children = (
				A58ABCA0A053462E2F34C5BE /* Pods-Sacolao.debug.xcconfig */,
				FE94585B727DAB0257FEE146 /* Pods-Sacolao.release.xcconfig */,
			);
			name = Pods;
			sourceTree = "<group>";
		};
/* End PBXGroup section */

/* Begin PBXNativeTarget section */
		97A83DFC1D0A448800859715 /* Sacolao */ = {
			isa = PBXNativeTarget;
			buildConfigurationList = 97A83E121D0A448800859715 /* Build configuration list for PBXNativeTarget "Sacolao" */;
			buildPhases = (
				C793EBEEB20E13BE8237A113 /* 📦 Check Pods Manifest.lock */,
				97A83DF91D0A448800859715 /* Sources */,
				97A83DFA1D0A448800859715 /* Frameworks */,
				97A83DFB1D0A448800859715 /* Resources */,
				AC31981ABD6156EE1A60F329 /* 📦 Embed Pods Frameworks */,
				81FCB03EF850EB0C99473663 /* 📦 Copy Pods Resources */,
			);
			buildRules = (
			);
			dependencies = (
			);
			name = Sacolao;
			productName = Sacolao;
			productReference = 97A83DFD1D0A448800859715 /* Sacolao.app */;
			productType = "com.apple.product-type.application";
		};
/* End PBXNativeTarget section */

/* Begin PBXProject section */
		97A83DF51D0A448700859715 /* Project object */ = {
			isa = PBXProject;
			attributes = {
				LastSwiftUpdateCheck = 0730;
				LastUpgradeCheck = 0730;
				ORGANIZATIONNAME = "Alexandre Oliveira";
				TargetAttributes = {
					97A83DFC1D0A448800859715 = {
						CreatedOnToolsVersion = 7.3.1;
					};
				};
			};
			buildConfigurationList = 97A83DF81D0A448800859715 /* Build configuration list for PBXProject "Sacolao" */;
			compatibilityVersion = "Xcode 3.2";
			developmentRegion = English;
			hasScannedForEncodings = 0;
			knownRegions = (
				en,
				Base,
			);
			mainGroup = 97A83DF41D0A448700859715;
			productRefGroup = 97A83DFE1D0A448800859715 /* Products */;
			projectDirPath = "";
			projectRoot = "";
			targets = (
				97A83DFC1D0A448800859715 /* Sacolao */,
			);
		};
/* End PBXProject section */

/* Begin PBXResourcesBuildPhase section */
		97A83DFB1D0A448800859715 /* Resources */ = {
			isa = PBXResourcesBuildPhase;
			buildActionMask = 2147483647;
			files = (
				97A83E0E1D0A448800859715 /* LaunchScreen.storyboard in Resources */,
				97A83E0B1D0A448800859715 /* Assets.xcassets in Resources */,
				97A83E061D0A448800859715 /* Main.storyboard in Resources */,
			);
			runOnlyForDeploymentPostprocessing = 0;
		};
/* End PBXResourcesBuildPhase section */

/* Begin PBXShellScriptBuildPhase section */
		81FCB03EF850EB0C99473663 /* 📦 Copy Pods Resources */ = {
			isa = PBXShellScriptBuildPhase;
			buildActionMask = 2147483647;
			files = (
			);
			inputPaths = (
			);
			name = "📦 Copy Pods Resources";
			outputPaths = (
			);
			runOnlyForDeploymentPostprocessing = 0;
			shellPath = /bin/sh;
			shellScript = "\"${SRCROOT}/Pods/Target Support Files/Pods-Sacolao/Pods-Sacolao-resources.sh\"\n";
			showEnvVarsInLog = 0;
		};
		AC31981ABD6156EE1A60F329 /* 📦 Embed Pods Frameworks */ = {
			isa = PBXShellScriptBuildPhase;
			buildActionMask = 2147483647;
			files = (
			);
			inputPaths = (
			);
			name = "📦 Embed Pods Frameworks";
			outputPaths = (
			);
			runOnlyForDeploymentPostprocessing = 0;
			shellPath = /bin/sh;
			shellScript = "\"${SRCROOT}/Pods/Target Support Files/Pods-Sacolao/Pods-Sacolao-frameworks.sh\"\n";
			showEnvVarsInLog = 0;
		};
		C793EBEEB20E13BE8237A113 /* 📦 Check Pods Manifest.lock */ = {
			isa = PBXShellScriptBuildPhase;
			buildActionMask = 2147483647;
			files = (
			);
			inputPaths = (
			);
			name = "📦 Check Pods Manifest.lock";
			outputPaths = (
			);
			runOnlyForDeploymentPostprocessing = 0;
			shellPath = /bin/sh;
			shellScript = "diff \"${PODS_ROOT}/../Podfile.lock\" \"${PODS_ROOT}/Manifest.lock\" > /dev/null\nif [[ $? != 0 ]] ; then\n    cat << EOM\nerror: The sandbox is not in sync with the Podfile.lock. Run 'pod install' or update your CocoaPods installation.\nEOM\n    exit 1\nfi\n";
			showEnvVarsInLog = 0;
		};
/* End PBXShellScriptBuildPhase section */

/* Begin PBXSourcesBuildPhase section */
		97A83DF91D0A448800859715 /* Sources */ = {
			isa = PBXSourcesBuildPhase;
			buildActionMask = 2147483647;
			files = (
				975413B81D1A559900A096CA /* DAOException.swift in Sources */,
				975413B61D1A559900A096CA /* DAO.swift in Sources */,
				975413B51D1A559900A096CA /* ConnectionDatabase.swift in Sources */,
				975413BA1D1A559900A096CA /* Produto.swift in Sources */,
				9702F0C51D45837100ED028E /* EditProdutoViewController.swift in Sources */,
				97A83E091D0A448800859715 /* Sacolao.xcdatamodeld in Sources */,
				97A83E011D0A448800859715 /* AppDelegate.swift in Sources */,
				975413B41D1A559900A096CA /* ViewController.swift in Sources */,
				975413B91D1A559900A096CA /* ProdutoHelper.swift in Sources */,
				9702F0C71D458E6500ED028E /* ProdutoViewController.swift in Sources */,
				975413B71D1A559900A096CA /* DAOProtocol.swift in Sources */,
				975413B31D1A559900A096CA /* ListaProdutosController.swift in Sources */,
				975413BB1D1A559900A096CA /* ProdutoDAO.swift in Sources */,
			);
			runOnlyForDeploymentPostprocessing = 0;
		};
/* End PBXSourcesBuildPhase section */

/* Begin PBXVariantGroup section */
		97A83E041D0A448800859715 /* Main.storyboard */ = {
			isa = PBXVariantGroup;
			children = (
				97A83E051D0A448800859715 /* Base */,
			);
			name = Main.storyboard;
			sourceTree = "<group>";
		};
		97A83E0C1D0A448800859715 /* LaunchScreen.storyboard */ = {
			isa = PBXVariantGroup;
			children = (
				97A83E0D1D0A448800859715 /* Base */,
			);
			name = LaunchScreen.storyboard;
			sourceTree = "<group>";
		};
/* End PBXVariantGroup section */

/* Begin XCBuildConfiguration section */
		97A83E101D0A448800859715 /* Debug */ = {
			isa = XCBuildConfiguration;
			buildSettings = {
				ALWAYS_SEARCH_USER_PATHS = NO;
				CLANG_ANALYZER_NONNULL = YES;
				CLANG_CXX_LANGUAGE_STANDARD = "gnu++0x";
				CLANG_CXX_LIBRARY = "libc++";
				CLANG_ENABLE_MODULES = YES;
				CLANG_ENABLE_OBJC_ARC = YES;
				CLANG_WARN_BOOL_CONVERSION = YES;
				CLANG_WARN_CONSTANT_CONVERSION = YES;
				CLANG_WARN_DIRECT_OBJC_ISA_USAGE = YES_ERROR;
				CLANG_WARN_EMPTY_BODY = YES;
				CLANG_WARN_ENUM_CONVERSION = YES;
				CLANG_WARN_INT_CONVERSION = YES;
				CLANG_WARN_OBJC_ROOT_CLASS = YES_ERROR;
				CLANG_WARN_UNREACHABLE_CODE = YES;
				CLANG_WARN__DUPLICATE_METHOD_MATCH = YES;
				"CODE_SIGN_IDENTITY[sdk=iphoneos*]" = "iPhone Developer";
				COPY_PHASE_STRIP = NO;
				DEBUG_INFORMATION_FORMAT = dwarf;
				ENABLE_STRICT_OBJC_MSGSEND = YES;
				ENABLE_TESTABILITY = YES;
				GCC_C_LANGUAGE_STANDARD = gnu99;
				GCC_DYNAMIC_NO_PIC = NO;
				GCC_NO_COMMON_BLOCKS = YES;
				GCC_OPTIMIZATION_LEVEL = 0;
				GCC_PREPROCESSOR_DEFINITIONS = (
					"DEBUG=1",
					"$(inherited)",
				);
				GCC_WARN_64_TO_32_BIT_CONVERSION = YES;
				GCC_WARN_ABOUT_RETURN_TYPE = YES_ERROR;
				GCC_WARN_UNDECLARED_SELECTOR = YES;
				GCC_WARN_UNINITIALIZED_AUTOS = YES_AGGRESSIVE;
				GCC_WARN_UNUSED_FUNCTION = YES;
				GCC_WARN_UNUSED_VARIABLE = YES;
				IPHONEOS_DEPLOYMENT_TARGET = 9.3;
				MTL_ENABLE_DEBUG_INFO = YES;
				ONLY_ACTIVE_ARCH = YES;
				SDKROOT = iphoneos;
				SWIFT_OPTIMIZATION_LEVEL = "-Onone";
			};
			name = Debug;
		};
		97A83E111D0A448800859715 /* Release */ = {
			isa = XCBuildConfiguration;
			buildSettings = {
				ALWAYS_SEARCH_USER_PATHS = NO;
				CLANG_ANALYZER_NONNULL = YES;
				CLANG_CXX_LANGUAGE_STANDARD = "gnu++0x";
				CLANG_CXX_LIBRARY = "libc++";
				CLANG_ENABLE_MODULES = YES;
				CLANG_ENABLE_OBJC_ARC = YES;
				CLANG_WARN_BOOL_CONVERSION = YES;
				CLANG_WARN_CONSTANT_CONVERSION = YES;
				CLANG_WARN_DIRECT_OBJC_ISA_USAGE = YES_ERROR;
				CLANG_WARN_EMPTY_BODY = YES;
				CLANG_WARN_ENUM_CONVERSION = YES;
				CLANG_WARN_INT_CONVERSION = YES;
				CLANG_WARN_OBJC_ROOT_CLASS = YES_ERROR;
				CLANG_WARN_UNREACHABLE_CODE = YES;
				CLANG_WARN__DUPLICATE_METHOD_MATCH = YES;
				"CODE_SIGN_IDENTITY[sdk=iphoneos*]" = "iPhone Developer";
				COPY_PHASE_STRIP = NO;
				DEBUG_INFORMATION_FORMAT = "dwarf-with-dsym";
				ENABLE_NS_ASSERTIONS = NO;
				ENABLE_STRICT_OBJC_MSGSEND = YES;
				GCC_C_LANGUAGE_STANDARD = gnu99;
				GCC_NO_COMMON_BLOCKS = YES;
				GCC_WARN_64_TO_32_BIT_CONVERSION = YES;
				GCC_WARN_ABOUT_RETURN_TYPE = YES_ERROR;
				GCC_WARN_UNDECLARED_SELECTOR = YES;
				GCC_WARN_UNINITIALIZED_AUTOS = YES_AGGRESSIVE;
				GCC_WARN_UNUSED_FUNCTION = YES;
				GCC_WARN_UNUSED_VARIABLE = YES;
				IPHONEOS_DEPLOYMENT_TARGET = 9.3;
				MTL_ENABLE_DEBUG_INFO = NO;
				SDKROOT = iphoneos;
				VALIDATE_PRODUCT = YES;
			};
			name = Release;
		};
		97A83E131D0A448800859715 /* Debug */ = {
			isa = XCBuildConfiguration;
			baseConfigurationReference = A58ABCA0A053462E2F34C5BE /* Pods-Sacolao.debug.xcconfig */;
			buildSettings = {
				ASSETCATALOG_COMPILER_APPICON_NAME = AppIcon;
				INFOPLIST_FILE = Sacolao/Info.plist;
				LD_RUNPATH_SEARCH_PATHS = "$(inherited) @executable_path/Frameworks";
				PRODUCT_BUNDLE_IDENTIFIER = br.eti.alexandreoliveira.Sacolao;
				PRODUCT_NAME = "$(TARGET_NAME)";
			};
			name = Debug;
		};
		97A83E141D0A448800859715 /* Release */ = {
			isa = XCBuildConfiguration;
			baseConfigurationReference = FE94585B727DAB0257FEE146 /* Pods-Sacolao.release.xcconfig */;
			buildSettings = {
				ASSETCATALOG_COMPILER_APPICON_NAME = AppIcon;
				INFOPLIST_FILE = Sacolao/Info.plist;
				LD_RUNPATH_SEARCH_PATHS = "$(inherited) @executable_path/Frameworks";
				PRODUCT_BUNDLE_IDENTIFIER = br.eti.alexandreoliveira.Sacolao;
				PRODUCT_NAME = "$(TARGET_NAME)";
			};
			name = Release;
		};
/* End XCBuildConfiguration section */

/* Begin XCConfigurationList section */
		97A83DF81D0A448800859715 /* Build configuration list for PBXProject "Sacolao" */ = {
			isa = XCConfigurationList;
			buildConfigurations = (
				97A83E101D0A448800859715 /* Debug */,
				97A83E111D0A448800859715 /* Release */,
			);
			defaultConfigurationIsVisible = 0;
			defaultConfigurationName = Release;
		};
		97A83E121D0A448800859715 /* Build configuration list for PBXNativeTarget "Sacolao" */ = {
			isa = XCConfigurationList;
			buildConfigurations = (
				97A83E131D0A448800859715 /* Debug */,
				97A83E141D0A448800859715 /* Release */,
			);
			defaultConfigurationIsVisible = 0;
			defaultConfigurationName = Release;
		};
/* End XCConfigurationList section */

/* Begin XCVersionGroup section */
		97A83E071D0A448800859715 /* Sacolao.xcdatamodeld */ = {
			isa = XCVersionGroup;
			children = (
				97A83E081D0A448800859715 /* Sacolao.xcdatamodel */,
			);
			currentVersion = 97A83E081D0A448800859715 /* Sacolao.xcdatamodel */;
			path = Sacolao.xcdatamodeld;
			sourceTree = "<group>";
			versionGroupType = wrapper.xcdatamodel;
		};
/* End XCVersionGroup section */
	};
	rootObject = 97A83DF51D0A448700859715 /* Project object */;
}
